
Microsoft Visual Studio Solution File, Format Version 12.00
# Visual Studio Version 17
VisualStudioVersion = 17.7.34031.279
MinimumVisualStudioVersion = 10.0.40219.1
Project("{9A19103F-16F7-4668-BE54-9A1E7A4F7556}") = "AHLVBShop.Entity", "AHLVBShop.Entity\AHLVBShop.Entity.csproj", "{1F7B2E98-F61D-4A73-B6C8-BA2FF8C4EA0A}"
EndProject
Project("{9A19103F-16F7-4668-BE54-9A1E7A4F7556}") = "AHLVBShop.DataAccess", "AHLVBShop.DataAccess\AHLVBShop.DataAccess.csproj", "{84E7EE5C-AD84-4E23-BE9C-0A8BE49F4037}"
EndProject
Project("{9A19103F-16F7-4668-BE54-9A1E7A4F7556}") = "AHLVBShop.Business", "AHLVBShop.Business\AHLVBShop.Business.csproj", "{DC4942FA-6A29-48CB-84B2-1979E913AD58}"
EndProject
Project("{9A19103F-16F7-4668-BE54-9A1E7A4F7556}") = "AHLVBShop.API", "AHLVBShop.API\AHLVBShop.API.csproj", "{4AE32C70-6ADA-4188-A2EC-00E6BBF6CC51}"
EndProject
Project("{FAE04EC0-301F-11D3-BF4B-00C04F79EFBC}") = "AHLVBShop.Helper", "AHLVBShop.Helper\AHLVBShop.Helper.csproj", "{F4A910F4-7408-4283-9CB8-5CB71A3944B4}"
EndProject
Global
	GlobalSection(SolutionConfigurationPlatforms) = preSolution
		Debug|Any CPU = Debug|Any CPU
		Release|Any CPU = Release|Any CPU
	EndGlobalSection
	GlobalSection(ProjectConfigurationPlatforms) = postSolution
		{1F7B2E98-F61D-4A73-B6C8-BA2FF8C4EA0A}.Debug|Any CPU.ActiveCfg = Debug|Any CPU
		{1F7B2E98-F61D-4A73-B6C8-BA2FF8C4EA0A}.Debug|Any CPU.Build.0 = Debug|Any CPU
		{1F7B2E98-F61D-4A73-B6C8-BA2FF8C4EA0A}.Release|Any CPU.ActiveCfg = Release|Any CPU
		{1F7B2E98-F61D-4A73-B6C8-BA2FF8C4EA0A}.Release|Any CPU.Build.0 = Release|Any CPU
		{84E7EE5C-AD84-4E23-BE9C-0A8BE49F4037}.Debug|Any CPU.ActiveCfg = Debug|Any CPU
		{84E7EE5C-AD84-4E23-BE9C-0A8BE49F4037}.Debug|Any CPU.Build.0 = Debug|Any CPU
		{84E7EE5C-AD84-4E23-BE9C-0A8BE49F4037}.Release|Any CPU.ActiveCfg = Release|Any CPU
		{84E7EE5C-AD84-4E23-BE9C-0A8BE49F4037}.Release|Any CPU.Build.0 = Release|Any CPU
		{DC4942FA-6A29-48CB-84B2-1979E913AD58}.Debug|Any CPU.ActiveCfg = Debug|Any CPU
		{DC4942FA-6A29-48CB-84B2-1979E913AD58}.Debug|Any CPU.Build.0 = Debug|Any CPU
		{DC4942FA-6A29-48CB-84B2-1979E913AD58}.Release|Any CPU.ActiveCfg = Release|Any CPU
		{DC4942FA-6A29-48CB-84B2-1979E913AD58}.Release|Any CPU.Build.0 = Release|Any CPU
		{4AE32C70-6ADA-4188-A2EC-00E6BBF6CC51}.Debug|Any CPU.ActiveCfg = Debug|Any CPU
		{4AE32C70-6ADA-4188-A2EC-00E6BBF6CC51}.Debug|Any CPU.Build.0 = Debug|Any CPU
		{4AE32C70-6ADA-4188-A2EC-00E6BBF6CC51}.Release|Any CPU.ActiveCfg = Release|Any CPU
		{4AE32C70-6ADA-4188-A2EC-00E6BBF6CC51}.Release|Any CPU.Build.0 = Release|Any CPU
		{F4A910F4-7408-4283-9CB8-5CB71A3944B4}.Debug|Any CPU.ActiveCfg = Debug|Any CPU
		{F4A910F4-7408-4283-9CB8-5CB71A3944B4}.Debug|Any CPU.Build.0 = Debug|Any CPU
		{F4A910F4-7408-4283-9CB8-5CB71A3944B4}.Release|Any CPU.ActiveCfg = Release|Any CPU
		{F4A910F4-7408-4283-9CB8-5CB71A3944B4}.Release|Any CPU.Build.0 = Release|Any CPU
	EndGlobalSection
	GlobalSection(SolutionProperties) = preSolution
		HideSolutionNode = FALSE
	EndGlobalSection
	GlobalSection(ExtensibilityGlobals) = postSolution
		SolutionGuid = {3FCB7BF3-093E-45C7-B626-CCA775B31E7A}
	EndGlobalSection
EndGlobal
